# THIS IS AN AUTOGENERATED FILE. DO NOT EDIT THIS FILE DIRECTLY.
# yarn lockfile v1


"@actions/core@^1.10.1", "@actions/core@^1.9.1":
  version "1.10.1"
  resolved "https://registry.yarnpkg.com/@actions/core/-/core-1.10.1.tgz#61108e7ac40acae95ee36da074fa5850ca4ced8a"
  integrity sha512-3lBR9EDAY+iYIpTnTIXmWcNbX3T2kCkAEQGIQx4NVQ0575nk2k3GRZDTPQG+vVtS2izSLmINlxXf0uLtnrTP+g==
  dependencies:
    "@actions/http-client" "^2.0.1"
    uuid "^8.3.2"

"@actions/glob@^0.4.0":
  version "0.4.0"
  resolved "https://registry.yarnpkg.com/@actions/glob/-/glob-0.4.0.tgz#b169b1c1c72f41e5df7b3d9349539c88fa68403c"
  integrity sha512-+eKIGFhsFa4EBwaf/GMyzCdWrXWymGXfFmZU3FHQvYS8mPcHtTtZONbkcqqUMzw9mJ/pImEBFET1JNifhqGsAQ==
  dependencies:
    "@actions/core" "^1.9.1"
    minimatch "^3.0.4"

"@actions/http-client@^2.0.1":
  version "2.2.1"
  resolved "https://registry.yarnpkg.com/@actions/http-client/-/http-client-2.2.1.tgz#ed3fe7a5a6d317ac1d39886b0bb999ded229bb38"
  integrity sha512-KhC/cZsq7f8I4LfZSJKgCvEwfkE8o1538VoBeoGzokVLLnbFDEAdFD3UhoMklxo2un9NJVBdANOresx7vTHlHw==
  dependencies:
    tunnel "^0.0.6"
    undici "^5.25.4"

"@fastify/busboy@^2.0.0":
  version "2.1.1"
  resolved "https://registry.yarnpkg.com/@fastify/busboy/-/busboy-2.1.1.tgz#b9da6a878a371829a0502c9b6c1c143ef6663f4d"
  integrity sha512-vBZP4NlzfOlerQTnba4aqZoMhE/a9HY7HRqoOPaETQcSQuWEIyZMHGfVu6w9wGtGK5fED5qRs2DteVCjOH60sA==

"@vercel/ncc@^0.38.1":
  version "0.38.1"
  resolved "https://registry.yarnpkg.com/@vercel/ncc/-/ncc-0.38.1.tgz#13f08738111e1d9e8a22fd6141f3590e54d9a60e"
  integrity sha512-IBBb+iI2NLu4VQn3Vwldyi2QwaXt5+hTyh58ggAMoCGE6DJmPvwL3KPBWcJl1m9LYPChBLE980Jw+CS4Wokqxw==

balanced-match@^1.0.0:
  version "1.0.2"
  resolved "https://registry.yarnpkg.com/balanced-match/-/balanced-match-1.0.2.tgz#e83e3a7e3f300b34cb9d87f615fa0cbf357690ee"
  integrity sha512-3oSeUO0TMV67hN1AmbXsK4yaqU7tjiHlbxRDZOpH0KW9+CeX4bRAaX0Anxt0tx2MrpRpWwQaPwIlISEJhYU5Pw==

brace-expansion@^1.1.7:
  version "1.1.11"
  resolved "https://registry.yarnpkg.com/brace-expansion/-/brace-expansion-1.1.11.tgz#3c7fcbf529d87226f3d2f52b966ff5271eb441dd"
  integrity sha512-iCuPHDFgrHX7H2vEI/5xpz07zSHB00TpugqhmYtVmMO6518mCuRMoOYFldEBl0g187ufozdaHgWKcYFb61qGiA==
  dependencies:
    balanced-match "^1.0.0"
    concat-map "0.0.1"

concat-map@0.0.1:
  version "0.0.1"
  resolved "https://registry.yarnpkg.com/concat-map/-/concat-map-0.0.1.tgz#d8a96bd77fd68df7793a73036a3ba0d5405d477b"
  integrity sha512-/Srv4dswyQNBfohGpz9o6Yb3Gz3SrUDqBH5rTuhGR7ahtlbYKnVxw2bCFMRljaA7EXHaXZ8wsHdodFvbkhKmqg==

minimatch@^3.0.4:
  version "3.1.2"
  resolved "https://registry.yarnpkg.com/minimatch/-/minimatch-3.1.2.tgz#19cd194bfd3e428f049a70817c038d89ab4be35b"
  integrity sha512-J7p63hRiAjw1NDEww1W7i37+ByIrOWO5XQQAzZ3VOcL0PNybwpfmV/N05zFAzwQ9USyEcX6t3UO+K5aqBQOIHw==
  dependencies:
    brace-expansion "^1.1.7"

tunnel@^0.0.6:
  version "0.0.6"
  resolved "https://registry.yarnpkg.com/tunnel/-/tunnel-0.0.6.tgz#72f1314b34a5b192db012324df2cc587ca47f92c"
  integrity sha512-1h/Lnq9yajKY2PEbBadPXj3VxsDDu844OnaAo52UVmIzIvwwtBPIuNvkjuzBlTWpfJyUbG3ez0KSBibQkj4ojg==

undici@^5.25.4:
  version "5.28.3"
  resolved "https://registry.yarnpkg.com/undici/-/undici-5.28.3.tgz#a731e0eff2c3fcfd41c1169a869062be222d1e5b"
  integrity sha512-3ItfzbrhDlINjaP0duwnNsKpDQk3acHI3gVJ1z4fmwMK31k5G9OVIAMLSIaP6w4FaGkaAkN6zaQO9LUvZ1t7VA==
  dependencies:
    "@fastify/busboy" "^2.0.0"

uuid@^8.3.2:
  version "8.3.2"
  resolved "https://registry.yarnpkg.com/uuid/-/uuid-8.3.2.tgz#80d5b5ced271bb9af6c445f21a1a04c606cefbe2"
  integrity sha512-+NYs2QeMWy+GWFOEm9xnn6HCDp0l7QBD7ml8zLUmJ+93Q5NF0NocErnwkTkXVFNiX3/fpC6afS8Dhb/gz7R7eg==
